
Microsoft Visual Studio Solution File, Format Version 12.00
# Visual Studio 2012
Project("{FAE04EC0-301F-11D3-BF4B-00C04F79EFBC}") = "Prime Calculator", "Prime Calculator\Prime Calculator.csproj", "{73B61A2A-362E-4889-B130-BCADC541E719}"
EndProject
Global
	GlobalSection(SolutionConfigurationPlatforms) = preSolution
		Debug|Any CPU = Debug|Any CPU
		Release|Any CPU = Release|Any CPU
	EndGlobalSection
	GlobalSection(ProjectConfigurationPlatforms) = postSolution
		{73B61A2A-362E-4889-B130-BCADC541E719}.Debug|Any CPU.ActiveCfg = Debug|Any CPU
		{73B61A2A-362E-4889-B130-BCADC541E719}.Debug|Any CPU.Build.0 = Debug|Any CPU
		{73B61A2A-362E-4889-B130-BCADC541E719}.Release|Any CPU.ActiveCfg = Release|Any CPU
		{73B61A2A-362E-4889-B130-BCADC541E719}.Release|Any CPU.Build.0 = Release|Any CPU
	EndGlobalSection
	GlobalSection(SolutionProperties) = preSolution
		HideSolutionNode = FALSE
	EndGlobalSection
EndGlobal
